
Microsoft Visual Studio Solution File, Format Version 12.00
# Visual Studio Version 16
VisualStudioVersion = 16.0.29230.47
MinimumVisualStudioVersion = 10.0.40219.1
Project("{9A19103F-16F7-4668-BE54-9A1E7A4F7556}") = "WebViewControl", "WebViewControl\WebViewControl.csproj", "{A1C2A0C7-DF81-4A8F-AEB5-B5375D5D1B47}"
EndProject
Project("{FAE04EC0-301F-11D3-BF4B-00C04F79EFBC}") = "Tests", "Tests\Tests.csproj", "{96A418C6-2CDE-45D3-AA5C-225149F00395}"
EndProject
Project("{FAE04EC0-301F-11D3-BF4B-00C04F79EFBC}") = "Example", "Example\Example.csproj", "{08B8917D-9E70-4EC2-A61C-2DCDDCD5BD02}"
EndProject
Project("{9A19103F-16F7-4668-BE54-9A1E7A4F7556}") = "WebViewControl.Avalonia", "WebViewControl.Avalonia\WebViewControl.Avalonia.csproj", "{1B789CDF-1B73-450B-BA1D-EC265D498EFA}"
EndProject
Project("{9A19103F-16F7-4668-BE54-9A1E7A4F7556}") = "ReactViewControl.Avalonia", "ReactViewControl.Avalonia\ReactViewControl.Avalonia.csproj", "{6A17926A-BD42-4C4D-8255-07C847B23C01}"
EndProject
Project("{9A19103F-16F7-4668-BE54-9A1E7A4F7556}") = "ReactViewResources", "ReactViewResources\ReactViewResources.csproj", "{6A3B80C3-A44C-4494-A16B-75D2281B0A5D}"
EndProject
Project("{9A19103F-16F7-4668-BE54-9A1E7A4F7556}") = "Example.Avalonia", "Example.Avalonia\Example.Avalonia.csproj", "{673FE866-B80C-4DB2-AFD7-301222C4F66E}"
EndProject
Project("{9A19103F-16F7-4668-BE54-9A1E7A4F7556}") = "ReactViewControl", "ReactViewControl\ReactViewControl.csproj", "{4FE01227-BBE0-4B87-9B11-2418F6F77512}"
EndProject
Global
	GlobalSection(SolutionConfigurationPlatforms) = preSolution
		Debug|Any CPU = Debug|Any CPU
		Debug|x64 = Debug|x64
		Debug|x86 = Debug|x86
		Release|Any CPU = Release|Any CPU
		Release|x64 = Release|x64
		Release|x86 = Release|x86
		Tests|Any CPU = Tests|Any CPU
		Tests|x64 = Tests|x64
		Tests|x86 = Tests|x86
	EndGlobalSection
	GlobalSection(ProjectConfigurationPlatforms) = postSolution
		{A1C2A0C7-DF81-4A8F-AEB5-B5375D5D1B47}.Debug|Any CPU.ActiveCfg = Debug|Any CPU
		{A1C2A0C7-DF81-4A8F-AEB5-B5375D5D1B47}.Debug|Any CPU.Build.0 = Debug|Any CPU
		{A1C2A0C7-DF81-4A8F-AEB5-B5375D5D1B47}.Debug|x64.ActiveCfg = Debug|Any CPU
		{A1C2A0C7-DF81-4A8F-AEB5-B5375D5D1B47}.Debug|x64.Build.0 = Debug|Any CPU
		{A1C2A0C7-DF81-4A8F-AEB5-B5375D5D1B47}.Debug|x86.ActiveCfg = Debug|Any CPU
		{A1C2A0C7-DF81-4A8F-AEB5-B5375D5D1B47}.Debug|x86.Build.0 = Debug|Any CPU
		{A1C2A0C7-DF81-4A8F-AEB5-B5375D5D1B47}.Release|Any CPU.ActiveCfg = Release|Any CPU
		{A1C2A0C7-DF81-4A8F-AEB5-B5375D5D1B47}.Release|Any CPU.Build.0 = Release|Any CPU
		{A1C2A0C7-DF81-4A8F-AEB5-B5375D5D1B47}.Release|x64.ActiveCfg = Release|Any CPU
		{A1C2A0C7-DF81-4A8F-AEB5-B5375D5D1B47}.Release|x64.Build.0 = Release|Any CPU
		{A1C2A0C7-DF81-4A8F-AEB5-B5375D5D1B47}.Release|x86.ActiveCfg = Release|Any CPU
		{A1C2A0C7-DF81-4A8F-AEB5-B5375D5D1B47}.Release|x86.Build.0 = Release|Any CPU
		{A1C2A0C7-DF81-4A8F-AEB5-B5375D5D1B47}.Tests|Any CPU.ActiveCfg = Release|Any CPU
		{A1C2A0C7-DF81-4A8F-AEB5-B5375D5D1B47}.Tests|Any CPU.Build.0 = Release|Any CPU
		{A1C2A0C7-DF81-4A8F-AEB5-B5375D5D1B47}.Tests|x64.ActiveCfg = Release|Any CPU
		{A1C2A0C7-DF81-4A8F-AEB5-B5375D5D1B47}.Tests|x64.Build.0 = Release|Any CPU
		{A1C2A0C7-DF81-4A8F-AEB5-B5375D5D1B47}.Tests|x86.ActiveCfg = Release|Any CPU
		{A1C2A0C7-DF81-4A8F-AEB5-B5375D5D1B47}.Tests|x86.Build.0 = Release|Any CPU
		{96A418C6-2CDE-45D3-AA5C-225149F00395}.Debug|Any CPU.ActiveCfg = Debug|Any CPU
		{96A418C6-2CDE-45D3-AA5C-225149F00395}.Debug|Any CPU.Build.0 = Debug|Any CPU
		{96A418C6-2CDE-45D3-AA5C-225149F00395}.Debug|x64.ActiveCfg = Debug|Any CPU
		{96A418C6-2CDE-45D3-AA5C-225149F00395}.Debug|x64.Build.0 = Debug|Any CPU
		{96A418C6-2CDE-45D3-AA5C-225149F00395}.Debug|x86.ActiveCfg = Debug|Any CPU
		{96A418C6-2CDE-45D3-AA5C-225149F00395}.Debug|x86.Build.0 = Debug|Any CPU
		{96A418C6-2CDE-45D3-AA5C-225149F00395}.Release|Any CPU.ActiveCfg = Release|Any CPU
		{96A418C6-2CDE-45D3-AA5C-225149F00395}.Release|Any CPU.Build.0 = Release|Any CPU
		{96A418C6-2CDE-45D3-AA5C-225149F00395}.Release|x64.ActiveCfg = Release|Any CPU
		{96A418C6-2CDE-45D3-AA5C-225149F00395}.Release|x64.Build.0 = Release|Any CPU
		{96A418C6-2CDE-45D3-AA5C-225149F00395}.Release|x86.ActiveCfg = Release|Any CPU
		{96A418C6-2CDE-45D3-AA5C-225149F00395}.Release|x86.Build.0 = Release|Any CPU
		{96A418C6-2CDE-45D3-AA5C-225149F00395}.Tests|Any CPU.ActiveCfg = Tests|Any CPU
		{96A418C6-2CDE-45D3-AA5C-225149F00395}.Tests|Any CPU.Build.0 = Tests|Any CPU
		{96A418C6-2CDE-45D3-AA5C-225149F00395}.Tests|x64.ActiveCfg = Tests|Any CPU
		{96A418C6-2CDE-45D3-AA5C-225149F00395}.Tests|x64.Build.0 = Tests|Any CPU
		{96A418C6-2CDE-45D3-AA5C-225149F00395}.Tests|x86.ActiveCfg = Tests|Any CPU
		{96A418C6-2CDE-45D3-AA5C-225149F00395}.Tests|x86.Build.0 = Tests|Any CPU
		{08B8917D-9E70-4EC2-A61C-2DCDDCD5BD02}.Debug|Any CPU.ActiveCfg = Debug|Any CPU
		{08B8917D-9E70-4EC2-A61C-2DCDDCD5BD02}.Debug|Any CPU.Build.0 = Debug|Any CPU
		{08B8917D-9E70-4EC2-A61C-2DCDDCD5BD02}.Debug|x64.ActiveCfg = Debug|Any CPU
		{08B8917D-9E70-4EC2-A61C-2DCDDCD5BD02}.Debug|x64.Build.0 = Debug|Any CPU
		{08B8917D-9E70-4EC2-A61C-2DCDDCD5BD02}.Debug|x86.ActiveCfg = Debug|Any CPU
		{08B8917D-9E70-4EC2-A61C-2DCDDCD5BD02}.Debug|x86.Build.0 = Debug|Any CPU
		{08B8917D-9E70-4EC2-A61C-2DCDDCD5BD02}.Release|Any CPU.ActiveCfg = Release|Any CPU
		{08B8917D-9E70-4EC2-A61C-2DCDDCD5BD02}.Release|x64.ActiveCfg = Release|Any CPU
		{08B8917D-9E70-4EC2-A61C-2DCDDCD5BD02}.Release|x64.Build.0 = Release|Any CPU
		{08B8917D-9E70-4EC2-A61C-2DCDDCD5BD02}.Release|x86.ActiveCfg = Release|Any CPU
		{08B8917D-9E70-4EC2-A61C-2DCDDCD5BD02}.Release|x86.Build.0 = Release|Any CPU
		{08B8917D-9E70-4EC2-A61C-2DCDDCD5BD02}.Tests|Any CPU.ActiveCfg = Release|Any CPU
		{08B8917D-9E70-4EC2-A61C-2DCDDCD5BD02}.Tests|Any CPU.Build.0 = Release|Any CPU
		{08B8917D-9E70-4EC2-A61C-2DCDDCD5BD02}.Tests|x64.ActiveCfg = Release|Any CPU
		{08B8917D-9E70-4EC2-A61C-2DCDDCD5BD02}.Tests|x64.Build.0 = Release|Any CPU
		{08B8917D-9E70-4EC2-A61C-2DCDDCD5BD02}.Tests|x86.ActiveCfg = Release|Any CPU
		{08B8917D-9E70-4EC2-A61C-2DCDDCD5BD02}.Tests|x86.Build.0 = Release|Any CPU
		{1B789CDF-1B73-450B-BA1D-EC265D498EFA}.Debug|Any CPU.ActiveCfg = Debug|Any CPU
		{1B789CDF-1B73-450B-BA1D-EC265D498EFA}.Debug|Any CPU.Build.0 = Debug|Any CPU
		{1B789CDF-1B73-450B-BA1D-EC265D498EFA}.Debug|x64.ActiveCfg = Debug|Any CPU
		{1B789CDF-1B73-450B-BA1D-EC265D498EFA}.Debug|x64.Build.0 = Debug|Any CPU
		{1B789CDF-1B73-450B-BA1D-EC265D498EFA}.Debug|x86.ActiveCfg = Debug|Any CPU
		{1B789CDF-1B73-450B-BA1D-EC265D498EFA}.Debug|x86.Build.0 = Debug|Any CPU
		{1B789CDF-1B73-450B-BA1D-EC265D498EFA}.Release|Any CPU.ActiveCfg = Release|Any CPU
		{1B789CDF-1B73-450B-BA1D-EC265D498EFA}.Release|Any CPU.Build.0 = Release|Any CPU
		{1B789CDF-1B73-450B-BA1D-EC265D498EFA}.Release|x64.ActiveCfg = Release|Any CPU
		{1B789CDF-1B73-450B-BA1D-EC265D498EFA}.Release|x64.Build.0 = Release|Any CPU
		{1B789CDF-1B73-450B-BA1D-EC265D498EFA}.Release|x86.ActiveCfg = Release|Any CPU
		{1B789CDF-1B73-450B-BA1D-EC265D498EFA}.Release|x86.Build.0 = Release|Any CPU
		{1B789CDF-1B73-450B-BA1D-EC265D498EFA}.Tests|Any CPU.ActiveCfg = Debug|Any CPU
		{1B789CDF-1B73-450B-BA1D-EC265D498EFA}.Tests|Any CPU.Build.0 = Debug|Any CPU
		{1B789CDF-1B73-450B-BA1D-EC265D498EFA}.Tests|x64.ActiveCfg = Debug|Any CPU
		{1B789CDF-1B73-450B-BA1D-EC265D498EFA}.Tests|x64.Build.0 = Debug|Any CPU
		{1B789CDF-1B73-450B-BA1D-EC265D498EFA}.Tests|x86.ActiveCfg = Debug|Any CPU
		{1B789CDF-1B73-450B-BA1D-EC265D498EFA}.Tests|x86.Build.0 = Debug|Any CPU
		{6A17926A-BD42-4C4D-8255-07C847B23C01}.Debug|Any CPU.ActiveCfg = Debug|Any CPU
		{6A17926A-BD42-4C4D-8255-07C847B23C01}.Debug|Any CPU.Build.0 = Debug|Any CPU
		{6A17926A-BD42-4C4D-8255-07C847B23C01}.Debug|x64.ActiveCfg = Debug|Any CPU
		{6A17926A-BD42-4C4D-8255-07C847B23C01}.Debug|x64.Build.0 = Debug|Any CPU
		{6A17926A-BD42-4C4D-8255-07C847B23C01}.Debug|x86.ActiveCfg = Debug|Any CPU
		{6A17926A-BD42-4C4D-8255-07C847B23C01}.Debug|x86.Build.0 = Debug|Any CPU
		{6A17926A-BD42-4C4D-8255-07C847B23C01}.Release|Any CPU.ActiveCfg = Release|Any CPU
		{6A17926A-BD42-4C4D-8255-07C847B23C01}.Release|Any CPU.Build.0 = Release|Any CPU
		{6A17926A-BD42-4C4D-8255-07C847B23C01}.Release|x64.ActiveCfg = Release|Any CPU
		{6A17926A-BD42-4C4D-8255-07C847B23C01}.Release|x64.Build.0 = Release|Any CPU
		{6A17926A-BD42-4C4D-8255-07C847B23C01}.Release|x86.ActiveCfg = Release|Any CPU
		{6A17926A-BD42-4C4D-8255-07C847B23C01}.Release|x86.Build.0 = Release|Any CPU
		{6A17926A-BD42-4C4D-8255-07C847B23C01}.Tests|Any CPU.ActiveCfg = Debug|Any CPU
		{6A17926A-BD42-4C4D-8255-07C847B23C01}.Tests|Any CPU.Build.0 = Debug|Any CPU
		{6A17926A-BD42-4C4D-8255-07C847B23C01}.Tests|x64.ActiveCfg = Debug|Any CPU
		{6A17926A-BD42-4C4D-8255-07C847B23C01}.Tests|x64.Build.0 = Debug|Any CPU
		{6A17926A-BD42-4C4D-8255-07C847B23C01}.Tests|x86.ActiveCfg = Debug|Any CPU
		{6A17926A-BD42-4C4D-8255-07C847B23C01}.Tests|x86.Build.0 = Debug|Any CPU
		{6A3B80C3-A44C-4494-A16B-75D2281B0A5D}.Debug|Any CPU.ActiveCfg = Debug|Any CPU
		{6A3B80C3-A44C-4494-A16B-75D2281B0A5D}.Debug|Any CPU.Build.0 = Debug|Any CPU
		{6A3B80C3-A44C-4494-A16B-75D2281B0A5D}.Debug|x64.ActiveCfg = Debug|Any CPU
		{6A3B80C3-A44C-4494-A16B-75D2281B0A5D}.Debug|x64.Build.0 = Debug|Any CPU
		{6A3B80C3-A44C-4494-A16B-75D2281B0A5D}.Debug|x86.ActiveCfg = Debug|Any CPU
		{6A3B80C3-A44C-4494-A16B-75D2281B0A5D}.Debug|x86.Build.0 = Debug|Any CPU
		{6A3B80C3-A44C-4494-A16B-75D2281B0A5D}.Release|Any CPU.ActiveCfg = Release|Any CPU
		{6A3B80C3-A44C-4494-A16B-75D2281B0A5D}.Release|Any CPU.Build.0 = Release|Any CPU
		{6A3B80C3-A44C-4494-A16B-75D2281B0A5D}.Release|x64.ActiveCfg = Release|Any CPU
		{6A3B80C3-A44C-4494-A16B-75D2281B0A5D}.Release|x64.Build.0 = Release|Any CPU
		{6A3B80C3-A44C-4494-A16B-75D2281B0A5D}.Release|x86.ActiveCfg = Release|Any CPU
		{6A3B80C3-A44C-4494-A16B-75D2281B0A5D}.Release|x86.Build.0 = Release|Any CPU
		{6A3B80C3-A44C-4494-A16B-75D2281B0A5D}.Tests|Any CPU.ActiveCfg = Debug|Any CPU
		{6A3B80C3-A44C-4494-A16B-75D2281B0A5D}.Tests|Any CPU.Build.0 = Debug|Any CPU
		{6A3B80C3-A44C-4494-A16B-75D2281B0A5D}.Tests|x64.ActiveCfg = Debug|Any CPU
		{6A3B80C3-A44C-4494-A16B-75D2281B0A5D}.Tests|x64.Build.0 = Debug|Any CPU
		{6A3B80C3-A44C-4494-A16B-75D2281B0A5D}.Tests|x86.ActiveCfg = Debug|Any CPU
		{6A3B80C3-A44C-4494-A16B-75D2281B0A5D}.Tests|x86.Build.0 = Debug|Any CPU
		{673FE866-B80C-4DB2-AFD7-301222C4F66E}.Debug|Any CPU.ActiveCfg = Debug|Any CPU
		{673FE866-B80C-4DB2-AFD7-301222C4F66E}.Debug|Any CPU.Build.0 = Debug|Any CPU
		{673FE866-B80C-4DB2-AFD7-301222C4F66E}.Debug|x64.ActiveCfg = Debug|Any CPU
		{673FE866-B80C-4DB2-AFD7-301222C4F66E}.Debug|x64.Build.0 = Debug|Any CPU
		{673FE866-B80C-4DB2-AFD7-301222C4F66E}.Debug|x86.ActiveCfg = Debug|Any CPU
		{673FE866-B80C-4DB2-AFD7-301222C4F66E}.Debug|x86.Build.0 = Debug|Any CPU
		{673FE866-B80C-4DB2-AFD7-301222C4F66E}.Release|Any CPU.ActiveCfg = Release|Any CPU
		{673FE866-B80C-4DB2-AFD7-301222C4F66E}.Release|x64.ActiveCfg = Release|Any CPU
		{673FE866-B80C-4DB2-AFD7-301222C4F66E}.Release|x64.Build.0 = Release|Any CPU
		{673FE866-B80C-4DB2-AFD7-301222C4F66E}.Release|x86.ActiveCfg = Release|Any CPU
		{673FE866-B80C-4DB2-AFD7-301222C4F66E}.Release|x86.Build.0 = Release|Any CPU
		{673FE866-B80C-4DB2-AFD7-301222C4F66E}.Tests|Any CPU.ActiveCfg = Debug|Any CPU
		{673FE866-B80C-4DB2-AFD7-301222C4F66E}.Tests|Any CPU.Build.0 = Debug|Any CPU
		{673FE866-B80C-4DB2-AFD7-301222C4F66E}.Tests|x64.ActiveCfg = Debug|Any CPU
		{673FE866-B80C-4DB2-AFD7-301222C4F66E}.Tests|x64.Build.0 = Debug|Any CPU
		{673FE866-B80C-4DB2-AFD7-301222C4F66E}.Tests|x86.ActiveCfg = Debug|Any CPU
		{673FE866-B80C-4DB2-AFD7-301222C4F66E}.Tests|x86.Build.0 = Debug|Any CPU
		{4FE01227-BBE0-4B87-9B11-2418F6F77512}.Debug|Any CPU.ActiveCfg = Debug|Any CPU
		{4FE01227-BBE0-4B87-9B11-2418F6F77512}.Debug|Any CPU.Build.0 = Debug|Any CPU
		{4FE01227-BBE0-4B87-9B11-2418F6F77512}.Debug|x64.ActiveCfg = Debug|Any CPU
		{4FE01227-BBE0-4B87-9B11-2418F6F77512}.Debug|x64.Build.0 = Debug|Any CPU
		{4FE01227-BBE0-4B87-9B11-2418F6F77512}.Debug|x86.ActiveCfg = Debug|Any CPU
		{4FE01227-BBE0-4B87-9B11-2418F6F77512}.Debug|x86.Build.0 = Debug|Any CPU
		{4FE01227-BBE0-4B87-9B11-2418F6F77512}.Release|Any CPU.ActiveCfg = Release|Any CPU
		{4FE01227-BBE0-4B87-9B11-2418F6F77512}.Release|Any CPU.Build.0 = Release|Any CPU
		{4FE01227-BBE0-4B87-9B11-2418F6F77512}.Release|x64.ActiveCfg = Release|Any CPU
		{4FE01227-BBE0-4B87-9B11-2418F6F77512}.Release|x64.Build.0 = Release|Any CPU
		{4FE01227-BBE0-4B87-9B11-2418F6F77512}.Release|x86.ActiveCfg = Release|Any CPU
		{4FE01227-BBE0-4B87-9B11-2418F6F77512}.Release|x86.Build.0 = Release|Any CPU
		{4FE01227-BBE0-4B87-9B11-2418F6F77512}.Tests|Any CPU.ActiveCfg = Debug|Any CPU
		{4FE01227-BBE0-4B87-9B11-2418F6F77512}.Tests|Any CPU.Build.0 = Debug|Any CPU
		{4FE01227-BBE0-4B87-9B11-2418F6F77512}.Tests|x64.ActiveCfg = Debug|Any CPU
		{4FE01227-BBE0-4B87-9B11-2418F6F77512}.Tests|x64.Build.0 = Debug|Any CPU
		{4FE01227-BBE0-4B87-9B11-2418F6F77512}.Tests|x86.ActiveCfg = Debug|Any CPU
		{4FE01227-BBE0-4B87-9B11-2418F6F77512}.Tests|x86.Build.0 = Debug|Any CPU
	EndGlobalSection
	GlobalSection(SolutionProperties) = preSolution
		HideSolutionNode = FALSE
	EndGlobalSection
	GlobalSection(ExtensibilityGlobals) = postSolution
		SolutionGuid = {FD9150A9-9C08-4609-B953-D4B900FD27C0}
	EndGlobalSection
EndGlobal
