
Microsoft Visual Studio Solution File, Format Version 12.00
# Visual Studio Version 16
VisualStudioVersion = 16.0.29230.47
MinimumVisualStudioVersion = 10.0.40219.1
Project("{9A19103F-16F7-4668-BE54-9A1E7A4F7556}") = "WebViewControl", "WebViewControl\WebViewControl.csproj", "{A1C2A0C7-DF81-4A8F-AEB5-B5375D5D1B47}"
EndProject
Project("{9A19103F-16F7-4668-BE54-9A1E7A4F7556}") = "Tests.WebView", "Tests.WebView\Tests.WebView.csproj", "{BE65D793-AFB3-4F5D-A85F-7B7396A5FE59}"
EndProject
Project("{9A19103F-16F7-4668-BE54-9A1E7A4F7556}") = "SampleWebView", "SampleWebView\SampleWebView.csproj", "{68B0F20F-77AE-4819-83CB-92C9C78E8E05}"
EndProject
Project("{2150E333-8FDC-42A3-9474-1A3956D46DE8}") = "Solution Items", "Solution Items", "{FD047A58-F2D5-4AE1-B918-685240AE2D57}"
	ProjectSection(SolutionItems) = preProject
		.editorconfig = .editorconfig
		Directory.Packages.props = Directory.Packages.props
		Directory.Build.props = Directory.Build.props
	EndProjectSection
EndProject
Global
	GlobalSection(SolutionConfigurationPlatforms) = preSolution
		Debug|Any CPU = Debug|Any CPU
		Debug|x64 = Debug|x64
		Debug|x86 = Debug|x86
		Release|Any CPU = Release|Any CPU
		Release|x64 = Release|x64
		Release|x86 = Release|x86
		ReleaseRemoteDebugSupport|Any CPU = ReleaseRemoteDebugSupport|Any CPU
		ReleaseRemoteDebugSupport|x64 = ReleaseRemoteDebugSupport|x64
		ReleaseRemoteDebugSupport|x86 = ReleaseRemoteDebugSupport|x86
	EndGlobalSection
	GlobalSection(ProjectConfigurationPlatforms) = postSolution
		{A1C2A0C7-DF81-4A8F-AEB5-B5375D5D1B47}.Debug|Any CPU.ActiveCfg = Debug|Any CPU
		{A1C2A0C7-DF81-4A8F-AEB5-B5375D5D1B47}.Debug|Any CPU.Build.0 = Debug|Any CPU
		{A1C2A0C7-DF81-4A8F-AEB5-B5375D5D1B47}.Debug|x64.ActiveCfg = Debug|Any CPU
		{A1C2A0C7-DF81-4A8F-AEB5-B5375D5D1B47}.Debug|x64.Build.0 = Debug|Any CPU
		{A1C2A0C7-DF81-4A8F-AEB5-B5375D5D1B47}.Debug|x86.ActiveCfg = Debug|Any CPU
		{A1C2A0C7-DF81-4A8F-AEB5-B5375D5D1B47}.Debug|x86.Build.0 = Debug|Any CPU
		{A1C2A0C7-DF81-4A8F-AEB5-B5375D5D1B47}.Release|Any CPU.ActiveCfg = Release|Any CPU
		{A1C2A0C7-DF81-4A8F-AEB5-B5375D5D1B47}.Release|Any CPU.Build.0 = Release|Any CPU
		{A1C2A0C7-DF81-4A8F-AEB5-B5375D5D1B47}.Release|x64.ActiveCfg = Release|Any CPU
		{A1C2A0C7-DF81-4A8F-AEB5-B5375D5D1B47}.Release|x64.Build.0 = Release|Any CPU
		{A1C2A0C7-DF81-4A8F-AEB5-B5375D5D1B47}.Release|x86.ActiveCfg = Release|Any CPU
		{A1C2A0C7-DF81-4A8F-AEB5-B5375D5D1B47}.Release|x86.Build.0 = Release|Any CPU
		{A1C2A0C7-DF81-4A8F-AEB5-B5375D5D1B47}.ReleaseRemoteDebugSupport|Any CPU.ActiveCfg = ReleaseRemoteDebugSupport|Any CPU
		{A1C2A0C7-DF81-4A8F-AEB5-B5375D5D1B47}.ReleaseRemoteDebugSupport|x64.ActiveCfg = ReleaseRemoteDebugSupport|Any CPU
		{A1C2A0C7-DF81-4A8F-AEB5-B5375D5D1B47}.ReleaseRemoteDebugSupport|x64.Build.0 = ReleaseRemoteDebugSupport|Any CPU
		{A1C2A0C7-DF81-4A8F-AEB5-B5375D5D1B47}.ReleaseRemoteDebugSupport|x86.ActiveCfg = ReleaseRemoteDebugSupport|Any CPU
		{A1C2A0C7-DF81-4A8F-AEB5-B5375D5D1B47}.ReleaseRemoteDebugSupport|x86.Build.0 = ReleaseRemoteDebugSupport|Any CPU
		{1B789CDF-1B73-450B-BA1D-EC265D498EFA}.Debug|Any CPU.ActiveCfg = Debug|Any CPU
		{1B789CDF-1B73-450B-BA1D-EC265D498EFA}.Debug|Any CPU.Build.0 = Debug|Any CPU
		{1B789CDF-1B73-450B-BA1D-EC265D498EFA}.Debug|x64.ActiveCfg = Debug|Any CPU
		{1B789CDF-1B73-450B-BA1D-EC265D498EFA}.Debug|x64.Build.0 = Debug|Any CPU
		{1B789CDF-1B73-450B-BA1D-EC265D498EFA}.Debug|x86.ActiveCfg = Debug|Any CPU
		{1B789CDF-1B73-450B-BA1D-EC265D498EFA}.Debug|x86.Build.0 = Debug|Any CPU
		{1B789CDF-1B73-450B-BA1D-EC265D498EFA}.Release|Any CPU.ActiveCfg = Release|Any CPU
		{1B789CDF-1B73-450B-BA1D-EC265D498EFA}.Release|Any CPU.Build.0 = Release|Any CPU
		{1B789CDF-1B73-450B-BA1D-EC265D498EFA}.Release|x64.ActiveCfg = Release|Any CPU
		{1B789CDF-1B73-450B-BA1D-EC265D498EFA}.Release|x64.Build.0 = Release|Any CPU
		{1B789CDF-1B73-450B-BA1D-EC265D498EFA}.Release|x86.ActiveCfg = Release|Any CPU
		{1B789CDF-1B73-450B-BA1D-EC265D498EFA}.Release|x86.Build.0 = Release|Any CPU
		{1B789CDF-1B73-450B-BA1D-EC265D498EFA}.ReleaseRemoteDebugSupport|Any CPU.ActiveCfg = ReleaseRemoteDebugSupport|Any CPU
		{1B789CDF-1B73-450B-BA1D-EC265D498EFA}.ReleaseRemoteDebugSupport|Any CPU.Build.0 = ReleaseRemoteDebugSupport|Any CPU
		{1B789CDF-1B73-450B-BA1D-EC265D498EFA}.ReleaseRemoteDebugSupport|x64.ActiveCfg = ReleaseRemoteDebugSupport|Any CPU
		{1B789CDF-1B73-450B-BA1D-EC265D498EFA}.ReleaseRemoteDebugSupport|x64.Build.0 = ReleaseRemoteDebugSupport|Any CPU
		{1B789CDF-1B73-450B-BA1D-EC265D498EFA}.ReleaseRemoteDebugSupport|x86.ActiveCfg = ReleaseRemoteDebugSupport|Any CPU
		{1B789CDF-1B73-450B-BA1D-EC265D498EFA}.ReleaseRemoteDebugSupport|x86.Build.0 = ReleaseRemoteDebugSupport|Any CPU
		{BE65D793-AFB3-4F5D-A85F-7B7396A5FE59}.Debug|Any CPU.ActiveCfg = Debug|Any CPU
		{BE65D793-AFB3-4F5D-A85F-7B7396A5FE59}.Debug|Any CPU.Build.0 = Debug|Any CPU
		{BE65D793-AFB3-4F5D-A85F-7B7396A5FE59}.Debug|x64.ActiveCfg = Debug|Any CPU
		{BE65D793-AFB3-4F5D-A85F-7B7396A5FE59}.Debug|x64.Build.0 = Debug|Any CPU
		{BE65D793-AFB3-4F5D-A85F-7B7396A5FE59}.Debug|x86.ActiveCfg = Debug|Any CPU
		{BE65D793-AFB3-4F5D-A85F-7B7396A5FE59}.Debug|x86.Build.0 = Debug|Any CPU
		{BE65D793-AFB3-4F5D-A85F-7B7396A5FE59}.Release|Any CPU.ActiveCfg = Release|Any CPU
		{BE65D793-AFB3-4F5D-A85F-7B7396A5FE59}.Release|Any CPU.Build.0 = Release|Any CPU
		{BE65D793-AFB3-4F5D-A85F-7B7396A5FE59}.Release|x64.ActiveCfg = Release|Any CPU
		{BE65D793-AFB3-4F5D-A85F-7B7396A5FE59}.Release|x64.Build.0 = Release|Any CPU
		{BE65D793-AFB3-4F5D-A85F-7B7396A5FE59}.Release|x86.ActiveCfg = Release|Any CPU
		{BE65D793-AFB3-4F5D-A85F-7B7396A5FE59}.Release|x86.Build.0 = Release|Any CPU
		{BE65D793-AFB3-4F5D-A85F-7B7396A5FE59}.ReleaseRemoteDebugSupport|Any CPU.ActiveCfg = ReleaseRemoteDebugSupport|Any CPU
		{BE65D793-AFB3-4F5D-A85F-7B7396A5FE59}.ReleaseRemoteDebugSupport|x64.ActiveCfg = ReleaseRemoteDebugSupport|Any CPU
		{BE65D793-AFB3-4F5D-A85F-7B7396A5FE59}.ReleaseRemoteDebugSupport|x64.Build.0 = ReleaseRemoteDebugSupport|Any CPU
		{BE65D793-AFB3-4F5D-A85F-7B7396A5FE59}.ReleaseRemoteDebugSupport|x86.ActiveCfg = ReleaseRemoteDebugSupport|Any CPU
		{BE65D793-AFB3-4F5D-A85F-7B7396A5FE59}.ReleaseRemoteDebugSupport|x86.Build.0 = ReleaseRemoteDebugSupport|Any CPU
		{68B0F20F-77AE-4819-83CB-92C9C78E8E05}.Debug|Any CPU.ActiveCfg = Debug|Any CPU
		{68B0F20F-77AE-4819-83CB-92C9C78E8E05}.Debug|Any CPU.Build.0 = Debug|Any CPU
		{68B0F20F-77AE-4819-83CB-92C9C78E8E05}.Debug|x64.ActiveCfg = Debug|Any CPU
		{68B0F20F-77AE-4819-83CB-92C9C78E8E05}.Debug|x64.Build.0 = Debug|Any CPU
		{68B0F20F-77AE-4819-83CB-92C9C78E8E05}.Debug|x86.ActiveCfg = Debug|Any CPU
		{68B0F20F-77AE-4819-83CB-92C9C78E8E05}.Debug|x86.Build.0 = Debug|Any CPU
		{68B0F20F-77AE-4819-83CB-92C9C78E8E05}.Release|Any CPU.ActiveCfg = Release|Any CPU
		{68B0F20F-77AE-4819-83CB-92C9C78E8E05}.Release|x64.ActiveCfg = Release|Any CPU
		{68B0F20F-77AE-4819-83CB-92C9C78E8E05}.Release|x64.Build.0 = Release|Any CPU
		{68B0F20F-77AE-4819-83CB-92C9C78E8E05}.Release|x86.ActiveCfg = Release|Any CPU
		{68B0F20F-77AE-4819-83CB-92C9C78E8E05}.Release|x86.Build.0 = Release|Any CPU
		{68B0F20F-77AE-4819-83CB-92C9C78E8E05}.ReleaseRemoteDebugSupport|Any CPU.ActiveCfg = ReleaseRemoteDebugSupport|Any CPU
		{68B0F20F-77AE-4819-83CB-92C9C78E8E05}.ReleaseRemoteDebugSupport|x64.ActiveCfg = ReleaseRemoteDebugSupport|Any CPU
		{68B0F20F-77AE-4819-83CB-92C9C78E8E05}.ReleaseRemoteDebugSupport|x64.Build.0 = ReleaseRemoteDebugSupport|Any CPU
		{68B0F20F-77AE-4819-83CB-92C9C78E8E05}.ReleaseRemoteDebugSupport|x86.ActiveCfg = ReleaseRemoteDebugSupport|Any CPU
		{68B0F20F-77AE-4819-83CB-92C9C78E8E05}.ReleaseRemoteDebugSupport|x86.Build.0 = ReleaseRemoteDebugSupport|Any CPU
	EndGlobalSection
	GlobalSection(SolutionProperties) = preSolution
		HideSolutionNode = FALSE
	EndGlobalSection
	GlobalSection(ExtensibilityGlobals) = postSolution
		SolutionGuid = {FD9150A9-9C08-4609-B953-D4B900FD27C0}
	EndGlobalSection
EndGlobal
