
Microsoft Visual Studio Solution File, Format Version 12.00
# Visual Studio 15
VisualStudioVersion = 15.0.27004.2010
MinimumVisualStudioVersion = 10.0.40219.1
Project("{FAE04EC0-301F-11D3-BF4B-00C04F79EFBC}") = "WebViewControl", "WebViewControl\WebViewControl.csproj", "{A1C2A0C7-DF81-4A8F-AEB5-B5375D5D1B47}"
EndProject
Project("{FAE04EC0-301F-11D3-BF4B-00C04F79EFBC}") = "WebViewExample", "WebViewExample\WebViewExample.csproj", "{52A527B1-3659-42D7-A5B6-02ACFBBB166E}"
EndProject
Project("{FAE04EC0-301F-11D3-BF4B-00C04F79EFBC}") = "Tests", "Tests\Tests.csproj", "{96A418C6-2CDE-45D3-AA5C-225149F00395}"
EndProject
Project("{FAE04EC0-301F-11D3-BF4B-00C04F79EFBC}") = "ViewGenerator", "ViewGenerator\ViewGenerator.csproj", "{7217988C-8461-4505-A7A8-99FC75C35A6B}"
EndProject
Project("{FAE04EC0-301F-11D3-BF4B-00C04F79EFBC}") = "ReactViewResources", "ReactViewResources\ReactViewResources.csproj", "{22DEE138-81D6-486A-B50A-DC1B87399835}"
EndProject
Project("{FAE04EC0-301F-11D3-BF4B-00C04F79EFBC}") = "ReactViewControl", "ReactViewControl\ReactViewControl.csproj", "{E7083D15-8FF2-4D8F-8505-D4CB9BA050DC}"
EndProject
Global
	GlobalSection(SolutionConfigurationPlatforms) = preSolution
		Debug|Any CPU = Debug|Any CPU
		Debug|x64 = Debug|x64
		Debug|x86 = Debug|x86
		Release|Any CPU = Release|Any CPU
		Release|x64 = Release|x64
		Release|x86 = Release|x86
		Tests|Any CPU = Tests|Any CPU
		Tests|x64 = Tests|x64
		Tests|x86 = Tests|x86
	EndGlobalSection
	GlobalSection(ProjectConfigurationPlatforms) = postSolution
		{A1C2A0C7-DF81-4A8F-AEB5-B5375D5D1B47}.Debug|Any CPU.ActiveCfg = Debug|Any CPU
		{A1C2A0C7-DF81-4A8F-AEB5-B5375D5D1B47}.Debug|Any CPU.Build.0 = Debug|Any CPU
		{A1C2A0C7-DF81-4A8F-AEB5-B5375D5D1B47}.Debug|x64.ActiveCfg = Debug|x64
		{A1C2A0C7-DF81-4A8F-AEB5-B5375D5D1B47}.Debug|x64.Build.0 = Debug|x64
		{A1C2A0C7-DF81-4A8F-AEB5-B5375D5D1B47}.Debug|x86.ActiveCfg = Debug|x86
		{A1C2A0C7-DF81-4A8F-AEB5-B5375D5D1B47}.Debug|x86.Build.0 = Debug|x86
		{A1C2A0C7-DF81-4A8F-AEB5-B5375D5D1B47}.Release|Any CPU.ActiveCfg = Release|Any CPU
		{A1C2A0C7-DF81-4A8F-AEB5-B5375D5D1B47}.Release|Any CPU.Build.0 = Release|Any CPU
		{A1C2A0C7-DF81-4A8F-AEB5-B5375D5D1B47}.Release|x64.ActiveCfg = Release|x64
		{A1C2A0C7-DF81-4A8F-AEB5-B5375D5D1B47}.Release|x64.Build.0 = Release|x64
		{A1C2A0C7-DF81-4A8F-AEB5-B5375D5D1B47}.Release|x86.ActiveCfg = Release|x86
		{A1C2A0C7-DF81-4A8F-AEB5-B5375D5D1B47}.Release|x86.Build.0 = Release|x86
		{A1C2A0C7-DF81-4A8F-AEB5-B5375D5D1B47}.Tests|Any CPU.ActiveCfg = Tests|Any CPU
		{A1C2A0C7-DF81-4A8F-AEB5-B5375D5D1B47}.Tests|Any CPU.Build.0 = Tests|Any CPU
		{A1C2A0C7-DF81-4A8F-AEB5-B5375D5D1B47}.Tests|x64.ActiveCfg = Release|x64
		{A1C2A0C7-DF81-4A8F-AEB5-B5375D5D1B47}.Tests|x64.Build.0 = Release|x64
		{A1C2A0C7-DF81-4A8F-AEB5-B5375D5D1B47}.Tests|x86.ActiveCfg = Release|x86
		{A1C2A0C7-DF81-4A8F-AEB5-B5375D5D1B47}.Tests|x86.Build.0 = Release|x86
		{52A527B1-3659-42D7-A5B6-02ACFBBB166E}.Debug|Any CPU.ActiveCfg = Debug|Any CPU
		{52A527B1-3659-42D7-A5B6-02ACFBBB166E}.Debug|Any CPU.Build.0 = Debug|Any CPU
		{52A527B1-3659-42D7-A5B6-02ACFBBB166E}.Debug|x64.ActiveCfg = Debug|x64
		{52A527B1-3659-42D7-A5B6-02ACFBBB166E}.Debug|x64.Build.0 = Debug|x64
		{52A527B1-3659-42D7-A5B6-02ACFBBB166E}.Debug|x86.ActiveCfg = Debug|x86
		{52A527B1-3659-42D7-A5B6-02ACFBBB166E}.Debug|x86.Build.0 = Debug|x86
		{52A527B1-3659-42D7-A5B6-02ACFBBB166E}.Release|Any CPU.ActiveCfg = Release|Any CPU
		{52A527B1-3659-42D7-A5B6-02ACFBBB166E}.Release|Any CPU.Build.0 = Release|Any CPU
		{52A527B1-3659-42D7-A5B6-02ACFBBB166E}.Release|x64.ActiveCfg = Release|x64
		{52A527B1-3659-42D7-A5B6-02ACFBBB166E}.Release|x64.Build.0 = Release|x64
		{52A527B1-3659-42D7-A5B6-02ACFBBB166E}.Release|x86.ActiveCfg = Release|x86
		{52A527B1-3659-42D7-A5B6-02ACFBBB166E}.Release|x86.Build.0 = Release|x86
		{52A527B1-3659-42D7-A5B6-02ACFBBB166E}.Tests|Any CPU.ActiveCfg = Release|Any CPU
		{52A527B1-3659-42D7-A5B6-02ACFBBB166E}.Tests|Any CPU.Build.0 = Release|Any CPU
		{52A527B1-3659-42D7-A5B6-02ACFBBB166E}.Tests|x64.ActiveCfg = Release|x64
		{52A527B1-3659-42D7-A5B6-02ACFBBB166E}.Tests|x64.Build.0 = Release|x64
		{52A527B1-3659-42D7-A5B6-02ACFBBB166E}.Tests|x86.ActiveCfg = Release|x86
		{52A527B1-3659-42D7-A5B6-02ACFBBB166E}.Tests|x86.Build.0 = Release|x86
		{96A418C6-2CDE-45D3-AA5C-225149F00395}.Debug|Any CPU.ActiveCfg = Debug|Any CPU
		{96A418C6-2CDE-45D3-AA5C-225149F00395}.Debug|Any CPU.Build.0 = Debug|Any CPU
		{96A418C6-2CDE-45D3-AA5C-225149F00395}.Debug|x64.ActiveCfg = Debug|Any CPU
		{96A418C6-2CDE-45D3-AA5C-225149F00395}.Debug|x64.Build.0 = Debug|Any CPU
		{96A418C6-2CDE-45D3-AA5C-225149F00395}.Debug|x86.ActiveCfg = Debug|Any CPU
		{96A418C6-2CDE-45D3-AA5C-225149F00395}.Debug|x86.Build.0 = Debug|Any CPU
		{96A418C6-2CDE-45D3-AA5C-225149F00395}.Release|Any CPU.ActiveCfg = Release|Any CPU
		{96A418C6-2CDE-45D3-AA5C-225149F00395}.Release|Any CPU.Build.0 = Release|Any CPU
		{96A418C6-2CDE-45D3-AA5C-225149F00395}.Release|x64.ActiveCfg = Release|Any CPU
		{96A418C6-2CDE-45D3-AA5C-225149F00395}.Release|x64.Build.0 = Release|Any CPU
		{96A418C6-2CDE-45D3-AA5C-225149F00395}.Release|x86.ActiveCfg = Release|Any CPU
		{96A418C6-2CDE-45D3-AA5C-225149F00395}.Release|x86.Build.0 = Release|Any CPU
		{96A418C6-2CDE-45D3-AA5C-225149F00395}.Tests|Any CPU.ActiveCfg = Tests|Any CPU
		{96A418C6-2CDE-45D3-AA5C-225149F00395}.Tests|Any CPU.Build.0 = Tests|Any CPU
		{96A418C6-2CDE-45D3-AA5C-225149F00395}.Tests|x64.ActiveCfg = Tests|Any CPU
		{96A418C6-2CDE-45D3-AA5C-225149F00395}.Tests|x64.Build.0 = Tests|Any CPU
		{96A418C6-2CDE-45D3-AA5C-225149F00395}.Tests|x86.ActiveCfg = Tests|Any CPU
		{96A418C6-2CDE-45D3-AA5C-225149F00395}.Tests|x86.Build.0 = Tests|Any CPU
		{7217988C-8461-4505-A7A8-99FC75C35A6B}.Debug|Any CPU.ActiveCfg = Debug|Any CPU
		{7217988C-8461-4505-A7A8-99FC75C35A6B}.Debug|Any CPU.Build.0 = Debug|Any CPU
		{7217988C-8461-4505-A7A8-99FC75C35A6B}.Debug|x64.ActiveCfg = Debug|Any CPU
		{7217988C-8461-4505-A7A8-99FC75C35A6B}.Debug|x64.Build.0 = Debug|Any CPU
		{7217988C-8461-4505-A7A8-99FC75C35A6B}.Debug|x86.ActiveCfg = Debug|Any CPU
		{7217988C-8461-4505-A7A8-99FC75C35A6B}.Debug|x86.Build.0 = Debug|Any CPU
		{7217988C-8461-4505-A7A8-99FC75C35A6B}.Release|Any CPU.ActiveCfg = Release|Any CPU
		{7217988C-8461-4505-A7A8-99FC75C35A6B}.Release|Any CPU.Build.0 = Release|Any CPU
		{7217988C-8461-4505-A7A8-99FC75C35A6B}.Release|x64.ActiveCfg = Release|Any CPU
		{7217988C-8461-4505-A7A8-99FC75C35A6B}.Release|x64.Build.0 = Release|Any CPU
		{7217988C-8461-4505-A7A8-99FC75C35A6B}.Release|x86.ActiveCfg = Release|Any CPU
		{7217988C-8461-4505-A7A8-99FC75C35A6B}.Release|x86.Build.0 = Release|Any CPU
		{7217988C-8461-4505-A7A8-99FC75C35A6B}.Tests|Any CPU.ActiveCfg = Debug|Any CPU
		{7217988C-8461-4505-A7A8-99FC75C35A6B}.Tests|Any CPU.Build.0 = Debug|Any CPU
		{7217988C-8461-4505-A7A8-99FC75C35A6B}.Tests|x64.ActiveCfg = Release|Any CPU
		{7217988C-8461-4505-A7A8-99FC75C35A6B}.Tests|x64.Build.0 = Release|Any CPU
		{7217988C-8461-4505-A7A8-99FC75C35A6B}.Tests|x86.ActiveCfg = Release|Any CPU
		{7217988C-8461-4505-A7A8-99FC75C35A6B}.Tests|x86.Build.0 = Release|Any CPU
		{22DEE138-81D6-486A-B50A-DC1B87399835}.Debug|Any CPU.ActiveCfg = Debug|Any CPU
		{22DEE138-81D6-486A-B50A-DC1B87399835}.Debug|Any CPU.Build.0 = Debug|Any CPU
		{22DEE138-81D6-486A-B50A-DC1B87399835}.Debug|x64.ActiveCfg = Debug|Any CPU
		{22DEE138-81D6-486A-B50A-DC1B87399835}.Debug|x64.Build.0 = Debug|Any CPU
		{22DEE138-81D6-486A-B50A-DC1B87399835}.Debug|x86.ActiveCfg = Debug|Any CPU
		{22DEE138-81D6-486A-B50A-DC1B87399835}.Debug|x86.Build.0 = Debug|Any CPU
		{22DEE138-81D6-486A-B50A-DC1B87399835}.Release|Any CPU.ActiveCfg = Release|Any CPU
		{22DEE138-81D6-486A-B50A-DC1B87399835}.Release|Any CPU.Build.0 = Release|Any CPU
		{22DEE138-81D6-486A-B50A-DC1B87399835}.Release|x64.ActiveCfg = Release|Any CPU
		{22DEE138-81D6-486A-B50A-DC1B87399835}.Release|x64.Build.0 = Release|Any CPU
		{22DEE138-81D6-486A-B50A-DC1B87399835}.Release|x86.ActiveCfg = Release|Any CPU
		{22DEE138-81D6-486A-B50A-DC1B87399835}.Release|x86.Build.0 = Release|Any CPU
		{22DEE138-81D6-486A-B50A-DC1B87399835}.Tests|Any CPU.ActiveCfg = Tests|Any CPU
		{22DEE138-81D6-486A-B50A-DC1B87399835}.Tests|Any CPU.Build.0 = Tests|Any CPU
		{22DEE138-81D6-486A-B50A-DC1B87399835}.Tests|x64.ActiveCfg = Release|Any CPU
		{22DEE138-81D6-486A-B50A-DC1B87399835}.Tests|x64.Build.0 = Release|Any CPU
		{22DEE138-81D6-486A-B50A-DC1B87399835}.Tests|x86.ActiveCfg = Release|Any CPU
		{22DEE138-81D6-486A-B50A-DC1B87399835}.Tests|x86.Build.0 = Release|Any CPU
		{E7083D15-8FF2-4D8F-8505-D4CB9BA050DC}.Debug|Any CPU.ActiveCfg = Debug|Any CPU
		{E7083D15-8FF2-4D8F-8505-D4CB9BA050DC}.Debug|Any CPU.Build.0 = Debug|Any CPU
		{E7083D15-8FF2-4D8F-8505-D4CB9BA050DC}.Debug|x64.ActiveCfg = Debug|Any CPU
		{E7083D15-8FF2-4D8F-8505-D4CB9BA050DC}.Debug|x64.Build.0 = Debug|Any CPU
		{E7083D15-8FF2-4D8F-8505-D4CB9BA050DC}.Debug|x86.ActiveCfg = Debug|Any CPU
		{E7083D15-8FF2-4D8F-8505-D4CB9BA050DC}.Debug|x86.Build.0 = Debug|Any CPU
		{E7083D15-8FF2-4D8F-8505-D4CB9BA050DC}.Release|Any CPU.ActiveCfg = Release|Any CPU
		{E7083D15-8FF2-4D8F-8505-D4CB9BA050DC}.Release|Any CPU.Build.0 = Release|Any CPU
		{E7083D15-8FF2-4D8F-8505-D4CB9BA050DC}.Release|x64.ActiveCfg = Release|Any CPU
		{E7083D15-8FF2-4D8F-8505-D4CB9BA050DC}.Release|x64.Build.0 = Release|Any CPU
		{E7083D15-8FF2-4D8F-8505-D4CB9BA050DC}.Release|x86.ActiveCfg = Release|Any CPU
		{E7083D15-8FF2-4D8F-8505-D4CB9BA050DC}.Release|x86.Build.0 = Release|Any CPU
		{E7083D15-8FF2-4D8F-8505-D4CB9BA050DC}.Tests|Any CPU.ActiveCfg = Tests|Any CPU
		{E7083D15-8FF2-4D8F-8505-D4CB9BA050DC}.Tests|Any CPU.Build.0 = Tests|Any CPU
		{E7083D15-8FF2-4D8F-8505-D4CB9BA050DC}.Tests|x64.ActiveCfg = Release|Any CPU
		{E7083D15-8FF2-4D8F-8505-D4CB9BA050DC}.Tests|x64.Build.0 = Release|Any CPU
		{E7083D15-8FF2-4D8F-8505-D4CB9BA050DC}.Tests|x86.ActiveCfg = Release|Any CPU
		{E7083D15-8FF2-4D8F-8505-D4CB9BA050DC}.Tests|x86.Build.0 = Release|Any CPU
	EndGlobalSection
	GlobalSection(SolutionProperties) = preSolution
		HideSolutionNode = FALSE
	EndGlobalSection
	GlobalSection(ExtensibilityGlobals) = postSolution
		SolutionGuid = {FD9150A9-9C08-4609-B953-D4B900FD27C0}
	EndGlobalSection
EndGlobal
