{
  "requires": true,
  "lockfileVersion": 1,
  "dependencies": {
    "@types/prop-types": {
      "version": "15.5.9",
      "resolved": "https://registry.npmjs.org/@types/prop-types/-/prop-types-15.5.9.tgz",
      "integrity": "sha512-Nha5b+jmBI271jdTMwrHiNXM+DvThjHOfyZtMX9kj/c/LUj2xiLHsG/1L3tJ8DjAoQN48cHwUwtqBotjyXaSdQ==",
      "dev": true
    },
    "@types/react": {
      "version": "16.8.3",
      "resolved": "https://registry.npmjs.org/@types/react/-/react-16.8.3.tgz",
      "integrity": "sha512-PjPocAxL9SNLjYMP4dfOShW/rj9FDBJGu3JFRt0zEYf77xfihB6fq8zfDpMrV6s82KnAi7F1OEe5OsQX25Ybdw==",
      "dev": true,
      "requires": {
        "@types/prop-types": "*",
        "csstype": "^2.2.0"
      }
    },
    "@types/react-dom": {
      "version": "16.8.2",
      "resolved": "https://registry.npmjs.org/@types/react-dom/-/react-dom-16.8.2.tgz",
      "integrity": "sha512-MX7n1wq3G/De15RGAAqnmidzhr2Y9O/ClxPxyqaNg96pGyeXUYPSvujgzEVpLo9oIP4Wn1UETl+rxTN02KEpBw==",
      "dev": true,
      "requires": {
        "@types/react": "*"
      }
    },
    "@types/requirejs": {
      "version": "2.1.31",
      "resolved": "https://registry.npmjs.org/@types/requirejs/-/requirejs-2.1.31.tgz",
      "integrity": "sha512-b2soeyuU76rMbcRJ4e0hEl0tbMhFwZeTC0VZnfuWlfGlk6BwWNsev6kFu/twKABPX29wkX84wU2o+cEJoXsiTw=="
    },
    "csstype": {
      "version": "2.6.2",
      "resolved": "https://registry.npmjs.org/csstype/-/csstype-2.6.2.tgz",
      "integrity": "sha512-Rl7PvTae0pflc1YtxtKbiSqq20Ts6vpIYOD5WBafl4y123DyHUeLrRdQP66sQW8/6gmX8jrYJLXwNeMqYVJcow==",
      "dev": true
    }
  }
}
