{
  "requires": true,
  "lockfileVersion": 1,
  "dependencies": {
    "@types/react": {
      "version": "16.0.36",
      "resolved": "https://registry.npmjs.org/@types/react/-/react-16.0.36.tgz",
      "integrity": "sha512-q33EVfy4i+fwhM31PL6/c6Job/DyjOiExHuR163bJK3rEMRf2ENkBrN4thQH5cwA+TiiN1vWDZU6D5H1AvQTlA=="
    }
  }
}
