{
    "requires": true,
    "lockfileVersion": 1,
    "dependencies": {
        "@types/react": {
            "version": "15.6.10",
            "resolved": "https://registry.npmjs.org/@types/react/-/react-15.6.10.tgz",
            "integrity": "sha512-cDqKxWOr1dWr1arO/g5CUJshJf91+t1JSf1oa2FFxrOT4fxIyUT2ZLLhkKVaYp5dDm926mxN5Wzp5i0mjezHMw=="
        },
        "@types/react-dom": {
            "version": "https://registry.npmjs.org/@types/react-dom/-/react-dom-0.14.23.tgz",
            "integrity": "sha1-zs/PrXVLTCdl/l0puBswGImtbC4=",
            "requires": {
                "@types/react": "15.6.10"
            }
        }
    }
}
